
Microsoft Visual Studio Solution File, Format Version 12.00
# Visual Studio Version 16
VisualStudioVersion = 16.0.30503.244
MinimumVisualStudioVersion = 10.0.40219.1
Project("{9A19103F-16F7-4668-BE54-9A1E7A4F7556}") = "Triangle", "Triangle\Triangle.csproj", "{9770239A-4419-4EC5-A4BE-803DDBE36EAF}"
EndProject
Project("{FAE04EC0-301F-11D3-BF4B-00C04F79EFBC}") = "TriangleTest", "TriangleTest\TriangleTest.csproj", "{F720190C-2A95-4B87-BA8C-B10351FFD360}"
EndProject
Global
	GlobalSection(SolutionConfigurationPlatforms) = preSolution
		Debug|Any CPU = Debug|Any CPU
		Release|Any CPU = Release|Any CPU
	EndGlobalSection
	GlobalSection(ProjectConfigurationPlatforms) = postSolution
		{9770239A-4419-4EC5-A4BE-803DDBE36EAF}.Debug|Any CPU.ActiveCfg = Debug|Any CPU
		{9770239A-4419-4EC5-A4BE-803DDBE36EAF}.Debug|Any CPU.Build.0 = Debug|Any CPU
		{9770239A-4419-4EC5-A4BE-803DDBE36EAF}.Release|Any CPU.ActiveCfg = Release|Any CPU
		{9770239A-4419-4EC5-A4BE-803DDBE36EAF}.Release|Any CPU.Build.0 = Release|Any CPU
		{F720190C-2A95-4B87-BA8C-B10351FFD360}.Debug|Any CPU.ActiveCfg = Debug|Any CPU
		{F720190C-2A95-4B87-BA8C-B10351FFD360}.Debug|Any CPU.Build.0 = Debug|Any CPU
		{F720190C-2A95-4B87-BA8C-B10351FFD360}.Release|Any CPU.ActiveCfg = Release|Any CPU
		{F720190C-2A95-4B87-BA8C-B10351FFD360}.Release|Any CPU.Build.0 = Release|Any CPU
	EndGlobalSection
	GlobalSection(SolutionProperties) = preSolution
		HideSolutionNode = FALSE
	EndGlobalSection
	GlobalSection(ExtensibilityGlobals) = postSolution
		SolutionGuid = {70A225C6-A085-40D0-BC70-6ED7A1C0D827}
	EndGlobalSection
EndGlobal
